
Microsoft Visual Studio Solution File, Format Version 12.00
# Visual Studio Version 17
VisualStudioVersion = 17.14.36717.8 d17.14
MinimumVisualStudioVersion = 10.0.40219.1
Project("{FAE04EC0-301F-11D3-BF4B-00C04F79EFBC}") = "Task 3", "Task 3\Task 3.csproj", "{FAA779D4-E1EE-41E6-B8C5-E839A378CBF3}"
EndProject
Global
	GlobalSection(SolutionConfigurationPlatforms) = preSolution
		Debug|Any CPU = Debug|Any CPU
		Release|Any CPU = Release|Any CPU
	EndGlobalSection
	GlobalSection(ProjectConfigurationPlatforms) = postSolution
		{FAA779D4-E1EE-41E6-B8C5-E839A378CBF3}.Debug|Any CPU.ActiveCfg = Debug|Any CPU
		{FAA779D4-E1EE-41E6-B8C5-E839A378CBF3}.Debug|Any CPU.Build.0 = Debug|Any CPU
		{FAA779D4-E1EE-41E6-B8C5-E839A378CBF3}.Release|Any CPU.ActiveCfg = Release|Any CPU
		{FAA779D4-E1EE-41E6-B8C5-E839A378CBF3}.Release|Any CPU.Build.0 = Release|Any CPU
	EndGlobalSection
	GlobalSection(SolutionProperties) = preSolution
		HideSolutionNode = FALSE
	EndGlobalSection
	GlobalSection(ExtensibilityGlobals) = postSolution
		SolutionGuid = {9201E57F-2DA4-4F42-AD86-71CC75FB57F0}
	EndGlobalSection
EndGlobal
